
Microsoft Visual Studio Solution File, Format Version 12.00
# Visual Studio 14
VisualStudioVersion = 14.0.25123.0
MinimumVisualStudioVersion = 10.0.40219.1
Project("{FBC22729-8A6C-4321-8DEA-F66AE13D4446}") = "Sitecore.Support.179355", "Sitecore.Support.179355\Sitecore.Support.179355.csproj", "{EAD22145-643A-4B7E-81FC-A2FA7EB53C4B}"
EndProject
Global
	GlobalSection(SolutionConfigurationPlatforms) = preSolution
		Debug|Any CPU = Debug|Any CPU
		Release|Any CPU = Release|Any CPU
	EndGlobalSection
	GlobalSection(ProjectConfigurationPlatforms) = postSolution
		{EAD22145-643A-4B7E-81FC-A2FA7EB53C4B}.Debug|Any CPU.ActiveCfg = Debug|Any CPU
		{EAD22145-643A-4B7E-81FC-A2FA7EB53C4B}.Debug|Any CPU.Build.0 = Debug|Any CPU
		{EAD22145-643A-4B7E-81FC-A2FA7EB53C4B}.Release|Any CPU.ActiveCfg = Release|Any CPU
		{EAD22145-643A-4B7E-81FC-A2FA7EB53C4B}.Release|Any CPU.Build.0 = Release|Any CPU
	EndGlobalSection
	GlobalSection(SolutionProperties) = preSolution
		HideSolutionNode = FALSE
	EndGlobalSection
EndGlobal
